
Microsoft Visual Studio Solution File, Format Version 12.00
# Visual Studio Version 16
VisualStudioVersion = 16.0.31205.134
MinimumVisualStudioVersion = 10.0.40219.1
Project("{FAE04EC0-301F-11D3-BF4B-00C04F79EFBC}") = "Variables Practice", "Variables Practice\Variables Practice.csproj", "{F3FA1AFA-0BAC-42F8-A67C-38066738B38B}"
EndProject
Global
	GlobalSection(SolutionConfigurationPlatforms) = preSolution
		Debug|Any CPU = Debug|Any CPU
		Release|Any CPU = Release|Any CPU
	EndGlobalSection
	GlobalSection(ProjectConfigurationPlatforms) = postSolution
		{F3FA1AFA-0BAC-42F8-A67C-38066738B38B}.Debug|Any CPU.ActiveCfg = Debug|Any CPU
		{F3FA1AFA-0BAC-42F8-A67C-38066738B38B}.Debug|Any CPU.Build.0 = Debug|Any CPU
		{F3FA1AFA-0BAC-42F8-A67C-38066738B38B}.Release|Any CPU.ActiveCfg = Release|Any CPU
		{F3FA1AFA-0BAC-42F8-A67C-38066738B38B}.Release|Any CPU.Build.0 = Release|Any CPU
	EndGlobalSection
	GlobalSection(SolutionProperties) = preSolution
		HideSolutionNode = FALSE
	EndGlobalSection
	GlobalSection(ExtensibilityGlobals) = postSolution
		SolutionGuid = {3DFE61A9-D37D-4BD5-B3F0-5FF79443476F}
	EndGlobalSection
EndGlobal
